{
  "nodes": {
    "flakeNimbleLib": {
      "inputs": {
        "nixpkgs": [
          "nixpkgs"
        ]
      },
      "locked": {
        "lastModified": 1662018438,
        "narHash": "sha256-QtNtU6+LX3Wokxf0zlFwKTFOcn6TeDjKQZ+DA9OYtvM=",
        "owner": "riinr",
        "repo": "nim-flakes-lib",
        "rev": "b1fe8340736e3a85d25c709ac3dfd82a55c03cbf",
        "type": "github"
      },
      "original": {
        "owner": "riinr",
        "ref": "master",
        "repo": "nim-flakes-lib",
        "type": "github"
      }
    },
    "nixpkgs": {
      "locked": {
        "lastModified": 1667110639,
        "narHash": "sha256-4FbPESZ5LbqQxkJJJBAfk/zKgF9h/4kyUwjjpJwYlbc=",
        "owner": "NixOS",
        "repo": "nixpkgs",
        "rev": "f38a1f04d1bec1feb61fd101a0539ae2002a7087",
        "type": "github"
      },
      "original": {
        "id": "nixpkgs",
        "type": "indirect"
      }
    },
    "root": {
      "inputs": {
        "flakeNimbleLib": "flakeNimbleLib",
        "nixpkgs": "nixpkgs",
        "shellopt-main": "shellopt-main"
      }
    },
    "shellopt-main": {
      "inputs": {
        "flakeNimbleLib": [
          "flakeNimbleLib"
        ],
        "nixpkgs": [
          "nixpkgs"
        ],
        "src-shellopt-main": "src-shellopt-main"
      },
      "locked": {
        "dir": "main",
        "lastModified": 1662254813,
        "narHash": "sha256-gwHkVjcHsVEzxjxq2Whft+Nc49zqpeyVk/RMDwwE9M0=",
        "owner": "nim-nix-pkgs",
        "repo": "shellopt",
        "rev": "fa55f14ca73a5a6849fa0055a0ebfe4ec9e677b4",
        "type": "github"
      },
      "original": {
        "dir": "main",
        "owner": "nim-nix-pkgs",
        "ref": "master",
        "repo": "shellopt",
        "type": "github"
      }
    },
    "src-shellopt-main": {
      "flake": false,
      "locked": {
        "lastModified": 1658912167,
        "narHash": "sha256-AEXGqZx81PKlm4mcmw9ed3+5lxwcQS9BDVHx+pVacD0=",
        "owner": "uga-rosa",
        "repo": "shellopt.nim",
        "rev": "51562fa3d3941b37433828bce5e109d4b12a0680",
        "type": "github"
      },
      "original": {
        "owner": "uga-rosa",
        "ref": "refs/heads/main",
        "repo": "shellopt.nim",
        "type": "github"
      }
    }
  },
  "root": "root",
  "version": 7
}
